// !$*UTF8*$!
{
	archiveVersion = 1;
	classes = {
	};
	objectVersion = 46;
	objects = {

/* Begin PBXBuildFile section */
		A554FEB21DBAAB2E00E00693 /* AppDelegate.swift in Sources */ = {isa = PBXBuildFile; fileRef = A554FEB11DBAAB2E00E00693 /* AppDelegate.swift */; };
		A554FEB41DBAAB2E00E00693 /* ViewController.swift in Sources */ = {isa = PBXBuildFile; fileRef = A554FEB31DBAAB2E00E00693 /* ViewController.swift */; };
		A554FEB71DBAAB2E00E00693 /* Main.storyboard in Resources */ = {isa = PBXBuildFile; fileRef = A554FEB51DBAAB2E00E00693 /* Main.storyboard */; };
		A554FEB91DBAAB2E00E00693 /* Assets.xcassets in Resources */ = {isa = PBXBuildFile; fileRef = A554FEB81DBAAB2E00E00693 /* Assets.xcassets */; };
		A554FEC41DBC9AB100E00693 /* AboutViewController.swift in Sources */ = {isa = PBXBuildFile; fileRef = A554FEC31DBC9AB000E00693 /* AboutViewController.swift */; };
		A5ABC28C1DBCAF7700B947AA /* TargetPunch.html in Resources */ = {isa = PBXBuildFile; fileRef = A5ABC28B1DBCAF7700B947AA /* TargetPunch.html */; };
		A5ABC28E1DBD232F00B947AA /* Default-568h@2x.png in Resources */ = {isa = PBXBuildFile; fileRef = A5ABC28D1DBD232F00B947AA /* Default-568h@2x.png */; };
/* End PBXBuildFile section */

/* Begin PBXFileReference section */
		A554FEAE1DBAAB2E00E00693 /* TargetPunch.app */ = {isa = PBXFileReference; explicitFileType = wrapper.application; includeInIndex = 0; path = TargetPunch.app; sourceTree = BUILT_PRODUCTS_DIR; };
		A554FEB11DBAAB2E00E00693 /* AppDelegate.swift */ = {isa = PBXFileReference; lastKnownFileType = sourcecode.swift; path = AppDelegate.swift; sourceTree = "<group>"; };
		A554FEB31DBAAB2E00E00693 /* ViewController.swift */ = {isa = PBXFileReference; lastKnownFileType = sourcecode.swift; path = ViewController.swift; sourceTree = "<group>"; };
		A554FEB61DBAAB2E00E00693 /* Base */ = {isa = PBXFileReference; lastKnownFileType = file.storyboard; name = Base; path = Base.lproj/Main.storyboard; sourceTree = "<group>"; };
		A554FEB81DBAAB2E00E00693 /* Assets.xcassets */ = {isa = PBXFileReference; lastKnownFileType = folder.assetcatalog; path = Assets.xcassets; sourceTree = "<group>"; };
		A554FEBD1DBAAB2E00E00693 /* Info.plist */ = {isa = PBXFileReference; lastKnownFileType = text.plist.xml; path = Info.plist; sourceTree = "<group>"; };
		A554FEC31DBC9AB000E00693 /* AboutViewController.swift */ = {isa = PBXFileReference; fileEncoding = 4; lastKnownFileType = sourcecode.swift; path = AboutViewController.swift; sourceTree = "<group>"; };
		A5ABC28B1DBCAF7700B947AA /* TargetPunch.html */ = {isa = PBXFileReference; fileEncoding = 4; lastKnownFileType = text.html; path = TargetPunch.html; sourceTree = "<group>"; };
		A5ABC28D1DBD232F00B947AA /* Default-568h@2x.png */ = {isa = PBXFileReference; lastKnownFileType = image.png; name = "Default-568h@2x.png"; path = "../Default-568h@2x.png"; sourceTree = "<group>"; };
/* End PBXFileReference section */

/* Begin PBXFrameworksBuildPhase section */
		A554FEAB1DBAAB2E00E00693 /* Frameworks */ = {
			isa = PBXFrameworksBuildPhase;
			buildActionMask = 2147483647;
			files = (
			);
			runOnlyForDeploymentPostprocessing = 0;
		};
/* End PBXFrameworksBuildPhase section */

/* Begin PBXGroup section */
		A554FEA51DBAAB2E00E00693 = {
			isa = PBXGroup;
			children = (
				A554FEB01DBAAB2E00E00693 /* TargetPunch */,
				A554FEAF1DBAAB2E00E00693 /* Products */,
			);
			sourceTree = "<group>";
		};
		A554FEAF1DBAAB2E00E00693 /* Products */ = {
			isa = PBXGroup;
			children = (
				A554FEAE1DBAAB2E00E00693 /* TargetPunch.app */,
			);
			name = Products;
			sourceTree = "<group>";
		};
		A554FEB01DBAAB2E00E00693 /* TargetPunch */ = {
			isa = PBXGroup;
			children = (
				A5ABC28D1DBD232F00B947AA /* Default-568h@2x.png */,
				A554FEB11DBAAB2E00E00693 /* AppDelegate.swift */,
				A554FEB31DBAAB2E00E00693 /* ViewController.swift */,
				A554FEC31DBC9AB000E00693 /* AboutViewController.swift */,
				A554FEB51DBAAB2E00E00693 /* Main.storyboard */,
				A554FEB81DBAAB2E00E00693 /* Assets.xcassets */,
				A554FEBD1DBAAB2E00E00693 /* Info.plist */,
				A5ABC28B1DBCAF7700B947AA /* TargetPunch.html */,
			);
			path = TargetPunch;
			sourceTree = "<group>";
		};
/* End PBXGroup section */

/* Begin PBXNativeTarget section */
		A554FEAD1DBAAB2E00E00693 /* TargetPunch */ = {
			isa = PBXNativeTarget;
			buildConfigurationList = A554FEC01DBAAB2E00E00693 /* Build configuration list for PBXNativeTarget "TargetPunch" */;
			buildPhases = (
				A554FEAA1DBAAB2E00E00693 /* Sources */,
				A554FEAB1DBAAB2E00E00693 /* Frameworks */,
				A554FEAC1DBAAB2E00E00693 /* Resources */,
			);
			buildRules = (
			);
			dependencies = (
			);
			name = TargetPunch;
			productName = TargetPunch;
			productReference = A554FEAE1DBAAB2E00E00693 /* TargetPunch.app */;
			productType = "com.apple.product-type.application";
		};
/* End PBXNativeTarget section */

/* Begin PBXProject section */
		A554FEA61DBAAB2E00E00693 /* Project object */ = {
			isa = PBXProject;
			attributes = {
				LastSwiftUpdateCheck = 0800;
				LastUpgradeCheck = 0800;
				ORGANIZATIONNAME = "Ivan Kurhanskyi";
				TargetAttributes = {
					A554FEAD1DBAAB2E00E00693 = {
						CreatedOnToolsVersion = 8.0;
						DevelopmentTeam = 9AW74QV244;
						ProvisioningStyle = Automatic;
					};
				};
			};
			buildConfigurationList = A554FEA91DBAAB2E00E00693 /* Build configuration list for PBXProject "TargetPunch" */;
			compatibilityVersion = "Xcode 3.2";
			developmentRegion = English;
			hasScannedForEncodings = 0;
			knownRegions = (
				en,
				Base,
			);
			mainGroup = A554FEA51DBAAB2E00E00693;
			productRefGroup = A554FEAF1DBAAB2E00E00693 /* Products */;
			projectDirPath = "";
			projectRoot = "";
			targets = (
				A554FEAD1DBAAB2E00E00693 /* TargetPunch */,
			);
		};
/* End PBXProject section */

/* Begin PBXResourcesBuildPhase section */
		A554FEAC1DBAAB2E00E00693 /* Resources */ = {
			isa = PBXResourcesBuildPhase;
			buildActionMask = 2147483647;
			files = (
				A5ABC28C1DBCAF7700B947AA /* TargetPunch.html in Resources */,
				A5ABC28E1DBD232F00B947AA /* Default-568h@2x.png in Resources */,
				A554FEB91DBAAB2E00E00693 /* Assets.xcassets in Resources */,
				A554FEB71DBAAB2E00E00693 /* Main.storyboard in Resources */,
			);
			runOnlyForDeploymentPostprocessing = 0;
		};
/* End PBXResourcesBuildPhase section */

/* Begin PBXSourcesBuildPhase section */
		A554FEAA1DBAAB2E00E00693 /* Sources */ = {
			isa = PBXSourcesBuildPhase;
			buildActionMask = 2147483647;
			files = (
				A554FEC41DBC9AB100E00693 /* AboutViewController.swift in Sources */,
				A554FEB41DBAAB2E00E00693 /* ViewController.swift in Sources */,
				A554FEB21DBAAB2E00E00693 /* AppDelegate.swift in Sources */,
			);
			runOnlyForDeploymentPostprocessing = 0;
		};
/* End PBXSourcesBuildPhase section */

/* Begin PBXVariantGroup section */
		A554FEB51DBAAB2E00E00693 /* Main.storyboard */ = {
			isa = PBXVariantGroup;
			children = (
				A554FEB61DBAAB2E00E00693 /* Base */,
			);
			name = Main.storyboard;
			sourceTree = "<group>";
		};
/* End PBXVariantGroup section */

/* Begin XCBuildConfiguration section */
		A554FEBE1DBAAB2E00E00693 /* Debug */ = {
			isa = XCBuildConfiguration;
			buildSettings = {
				ALWAYS_SEARCH_USER_PATHS = NO;
				CLANG_ANALYZER_NONNULL = YES;
				CLANG_CXX_LANGUAGE_STANDARD = "gnu++0x";
				CLANG_CXX_LIBRARY = "libc++";
				CLANG_ENABLE_MODULES = YES;
				CLANG_ENABLE_OBJC_ARC = YES;
				CLANG_WARN_BOOL_CONVERSION = YES;
				CLANG_WARN_CONSTANT_CONVERSION = YES;
				CLANG_WARN_DIRECT_OBJC_ISA_USAGE = YES_ERROR;
				CLANG_WARN_DOCUMENTATION_COMMENTS = YES;
				CLANG_WARN_EMPTY_BODY = YES;
				CLANG_WARN_ENUM_CONVERSION = YES;
				CLANG_WARN_INFINITE_RECURSION = YES;
				CLANG_WARN_INT_CONVERSION = YES;
				CLANG_WARN_OBJC_ROOT_CLASS = YES_ERROR;
				CLANG_WARN_SUSPICIOUS_MOVES = YES;
				CLANG_WARN_UNREACHABLE_CODE = YES;
				CLANG_WARN__DUPLICATE_METHOD_MATCH = YES;
				"CODE_SIGN_IDENTITY[sdk=iphoneos*]" = "iPhone Developer";
				COPY_PHASE_STRIP = NO;
				DEBUG_INFORMATION_FORMAT = dwarf;
				ENABLE_STRICT_OBJC_MSGSEND = YES;
				ENABLE_TESTABILITY = YES;
				GCC_C_LANGUAGE_STANDARD = gnu99;
				GCC_DYNAMIC_NO_PIC = NO;
				GCC_NO_COMMON_BLOCKS = YES;
				GCC_OPTIMIZATION_LEVEL = 0;
				GCC_PREPROCESSOR_DEFINITIONS = (
					"DEBUG=1",
					"$(inherited)",
				);
				GCC_WARN_64_TO_32_BIT_CONVERSION = YES;
				GCC_WARN_ABOUT_RETURN_TYPE = YES_ERROR;
				GCC_WARN_UNDECLARED_SELECTOR = YES;
				GCC_WARN_UNINITIALIZED_AUTOS = YES_AGGRESSIVE;
				GCC_WARN_UNUSED_FUNCTION = YES;
				GCC_WARN_UNUSED_VARIABLE = YES;
				IPHONEOS_DEPLOYMENT_TARGET = 10.0;
				MTL_ENABLE_DEBUG_INFO = YES;
				ONLY_ACTIVE_ARCH = YES;
				SDKROOT = iphoneos;
				SWIFT_ACTIVE_COMPILATION_CONDITIONS = DEBUG;
				SWIFT_OPTIMIZATION_LEVEL = "-Onone";
			};
			name = Debug;
		};
		A554FEBF1DBAAB2E00E00693 /* Release */ = {
			isa = XCBuildConfiguration;
			buildSettings = {
				ALWAYS_SEARCH_USER_PATHS = NO;
				CLANG_ANALYZER_NONNULL = YES;
				CLANG_CXX_LANGUAGE_STANDARD = "gnu++0x";
				CLANG_CXX_LIBRARY = "libc++";
				CLANG_ENABLE_MODULES = YES;
				CLANG_ENABLE_OBJC_ARC = YES;
				CLANG_WARN_BOOL_CONVERSION = YES;
				CLANG_WARN_CONSTANT_CONVERSION = YES;
				CLANG_WARN_DIRECT_OBJC_ISA_USAGE = YES_ERROR;
				CLANG_WARN_DOCUMENTATION_COMMENTS = YES;
				CLANG_WARN_EMPTY_BODY = YES;
				CLANG_WARN_ENUM_CONVERSION = YES;
				CLANG_WARN_INFINITE_RECURSION = YES;
				CLANG_WARN_INT_CONVERSION = YES;
				CLANG_WARN_OBJC_ROOT_CLASS = YES_ERROR;
				CLANG_WARN_SUSPICIOUS_MOVES = YES;
				CLANG_WARN_UNREACHABLE_CODE = YES;
				CLANG_WARN__DUPLICATE_METHOD_MATCH = YES;
				"CODE_SIGN_IDENTITY[sdk=iphoneos*]" = "iPhone Developer";
				COPY_PHASE_STRIP = NO;
				DEBUG_INFORMATION_FORMAT = "dwarf-with-dsym";
				ENABLE_NS_ASSERTIONS = NO;
				ENABLE_STRICT_OBJC_MSGSEND = YES;
				GCC_C_LANGUAGE_STANDARD = gnu99;
				GCC_NO_COMMON_BLOCKS = YES;
				GCC_WARN_64_TO_32_BIT_CONVERSION = YES;
				GCC_WARN_ABOUT_RETURN_TYPE = YES_ERROR;
				GCC_WARN_UNDECLARED_SELECTOR = YES;
				GCC_WARN_UNINITIALIZED_AUTOS = YES_AGGRESSIVE;
				GCC_WARN_UNUSED_FUNCTION = YES;
				GCC_WARN_UNUSED_VARIABLE = YES;
				IPHONEOS_DEPLOYMENT_TARGET = 10.0;
				MTL_ENABLE_DEBUG_INFO = NO;
				SDKROOT = iphoneos;
				SWIFT_OPTIMIZATION_LEVEL = "-Owholemodule";
				VALIDATE_PRODUCT = YES;
			};
			name = Release;
		};
		A554FEC11DBAAB2E00E00693 /* Debug */ = {
			isa = XCBuildConfiguration;
			buildSettings = {
				ASSETCATALOG_COMPILER_APPICON_NAME = AppIcon;
				"CODE_SIGN_IDENTITY[sdk=iphoneos*]" = "iPhone Developer";
				DEVELOPMENT_TEAM = 9AW74QV244;
				INFOPLIST_FILE = TargetPunch/Info.plist;
				LD_RUNPATH_SEARCH_PATHS = "$(inherited) @executable_path/Frameworks";
				PRODUCT_BUNDLE_IDENTIFIER = com.hemmway.TargetsPunch;
				PRODUCT_NAME = "$(TARGET_NAME)";
				SWIFT_VERSION = 3.0;
			};
			name = Debug;
		};
		A554FEC21DBAAB2E00E00693 /* Release */ = {
			isa = XCBuildConfiguration;
			buildSettings = {
				ASSETCATALOG_COMPILER_APPICON_NAME = AppIcon;
				"CODE_SIGN_IDENTITY[sdk=iphoneos*]" = "iPhone Developer";
				DEVELOPMENT_TEAM = 9AW74QV244;
				INFOPLIST_FILE = TargetPunch/Info.plist;
				LD_RUNPATH_SEARCH_PATHS = "$(inherited) @executable_path/Frameworks";
				PRODUCT_BUNDLE_IDENTIFIER = com.hemmway.TargetsPunch;
				PRODUCT_NAME = "$(TARGET_NAME)";
				SWIFT_VERSION = 3.0;
			};
			name = Release;
		};
/* End XCBuildConfiguration section */

/* Begin XCConfigurationList section */
		A554FEA91DBAAB2E00E00693 /* Build configuration list for PBXProject "TargetPunch" */ = {
			isa = XCConfigurationList;
			buildConfigurations = (
				A554FEBE1DBAAB2E00E00693 /* Debug */,
				A554FEBF1DBAAB2E00E00693 /* Release */,
			);
			defaultConfigurationIsVisible = 0;
			defaultConfigurationName = Release;
		};
		A554FEC01DBAAB2E00E00693 /* Build configuration list for PBXNativeTarget "TargetPunch" */ = {
			isa = XCConfigurationList;
			buildConfigurations = (
				A554FEC11DBAAB2E00E00693 /* Debug */,
				A554FEC21DBAAB2E00E00693 /* Release */,
			);
			defaultConfigurationIsVisible = 0;
			defaultConfigurationName = Release;
		};
/* End XCConfigurationList section */
	};
	rootObject = A554FEA61DBAAB2E00E00693 /* Project object */;
}
